
Microsoft Visual Studio Solution File, Format Version 12.00
# Visual Studio Version 17
VisualStudioVersion = 17.11.35312.102
MinimumVisualStudioVersion = 10.0.40219.1
Project("{FAE04EC0-301F-11D3-BF4B-00C04F79EFBC}") = "IniciandoTestes", "IniciandoTestes\IniciandoTestes.csproj", "{FB678293-8287-4822-B8DD-2B17528AF4CE}"
EndProject
Project("{FAE04EC0-301F-11D3-BF4B-00C04F79EFBC}") = "IniciandoTestes.Tests", "IniciandoTestes.Tests\IniciandoTestes.Tests.csproj", "{465E1024-7F69-41A7-B30A-5F3D6E40163E}"
EndProject
Global
	GlobalSection(SolutionConfigurationPlatforms) = preSolution
		Debug|Any CPU = Debug|Any CPU
		Release|Any CPU = Release|Any CPU
	EndGlobalSection
	GlobalSection(ProjectConfigurationPlatforms) = postSolution
		{FB678293-8287-4822-B8DD-2B17528AF4CE}.Debug|Any CPU.ActiveCfg = Debug|Any CPU
		{FB678293-8287-4822-B8DD-2B17528AF4CE}.Debug|Any CPU.Build.0 = Debug|Any CPU
		{FB678293-8287-4822-B8DD-2B17528AF4CE}.Release|Any CPU.ActiveCfg = Release|Any CPU
		{FB678293-8287-4822-B8DD-2B17528AF4CE}.Release|Any CPU.Build.0 = Release|Any CPU
		{465E1024-7F69-41A7-B30A-5F3D6E40163E}.Debug|Any CPU.ActiveCfg = Debug|Any CPU
		{465E1024-7F69-41A7-B30A-5F3D6E40163E}.Debug|Any CPU.Build.0 = Debug|Any CPU
		{465E1024-7F69-41A7-B30A-5F3D6E40163E}.Release|Any CPU.ActiveCfg = Release|Any CPU
		{465E1024-7F69-41A7-B30A-5F3D6E40163E}.Release|Any CPU.Build.0 = Release|Any CPU
	EndGlobalSection
	GlobalSection(SolutionProperties) = preSolution
		HideSolutionNode = FALSE
	EndGlobalSection
	GlobalSection(ExtensibilityGlobals) = postSolution
		SolutionGuid = {E39E932F-8349-44E3-9478-1C79096C65FF}
	EndGlobalSection
EndGlobal
